
Microsoft Visual Studio Solution File, Format Version 12.00
# Visual Studio Version 17
VisualStudioVersion = 17.4.33213.308
MinimumVisualStudioVersion = 10.0.40219.1
Project("{FAE04EC0-301F-11D3-BF4B-00C04F79EFBC}") = "SurfShield", "SurfShield.csproj", "{1C8F0B49-CEC3-4FAB-A312-C4298102C3D5}"
EndProject
Project("{54435603-DBB4-11D2-8724-00A0C9A8B90C}") = "SurfShieldVPN", "..\SurfShieldVPN\SurfShieldVPN.vdproj", "{31596919-F9E9-43E8-ABF4-DCB0AF507F89}"
EndProject
Global
	GlobalSection(SolutionConfigurationPlatforms) = preSolution
		Debug|Any CPU = Debug|Any CPU
		Release|Any CPU = Release|Any CPU
	EndGlobalSection
	GlobalSection(ProjectConfigurationPlatforms) = postSolution
		{1C8F0B49-CEC3-4FAB-A312-C4298102C3D5}.Debug|Any CPU.ActiveCfg = Debug|Any CPU
		{1C8F0B49-CEC3-4FAB-A312-C4298102C3D5}.Debug|Any CPU.Build.0 = Debug|Any CPU
		{1C8F0B49-CEC3-4FAB-A312-C4298102C3D5}.Release|Any CPU.ActiveCfg = Release|Any CPU
		{1C8F0B49-CEC3-4FAB-A312-C4298102C3D5}.Release|Any CPU.Build.0 = Release|Any CPU
		{31596919-F9E9-43E8-ABF4-DCB0AF507F89}.Debug|Any CPU.ActiveCfg = Debug
		{31596919-F9E9-43E8-ABF4-DCB0AF507F89}.Release|Any CPU.ActiveCfg = Release
	EndGlobalSection
	GlobalSection(SolutionProperties) = preSolution
		HideSolutionNode = FALSE
	EndGlobalSection
	GlobalSection(ExtensibilityGlobals) = postSolution
		SolutionGuid = {3CBEC321-76B2-4116-B962-40CF0FDBF0F0}
	EndGlobalSection
EndGlobal
